{
  "name": "lambda-console",
  "version": "0.0.1",
  "lockfileVersion": 1,
  "dependencies": {
    "err-json": {
      "version": "0.0.3",
      "resolved": "https://registry.npmjs.org/err-json/-/err-json-0.0.3.tgz",
      "integrity": "sha512-gjUXzT3KIs5fYj4DFcUyb5uMQ4I57HBvw/d8hCM5huO2USIeqsh8zLw8EH+3Dgda95KrRPycvcGUh3dEqC2ojQ=="
    }
  }
}
