{
  "name": "lambda-console",
  "version": "0.1.0",
  "lockfileVersion": 1,
  "requires": true,
  "dependencies": {
    "err-json": {
      "version": "0.1.0",
      "resolved": "https://registry.npmjs.org/err-json/-/err-json-0.1.0.tgz",
      "integrity": "sha512-QEohMZylttl4zfDfJ+I7MMHTIcpueQDJsaRVohhAvoLtjcUOPlYKQnJjJdmZMwNDqR2R6gswCWS+q54sk2Fd1Q=="
    }
  }
}
