{
  "name": "lambda-console",
  "version": "0.1.0",
  "lockfileVersion": 1,
  "requires": true,
  "dependencies": {
    "err-json": {
      "version": "0.0.4",
      "resolved": "https://registry.npmjs.org/err-json/-/err-json-0.0.4.tgz",
      "integrity": "sha512-ZvLw2hiRJRJfHYNmAuIed3D5ApDwwAZT7WuzOjygWm/nE98A3HmXzkIDJly1Bp/LP0lW3pjP/QgsGeTSt822yg=="
    }
  }
}
